{
  "name": "saito-js",
  "version": "0.0.1",
  "lockfileVersion": 2,
  "requires": true,
  "packages": {
    "": {
      "name": "saito-js",
      "version": "0.0.1",
      "license": "ISC",
      "devDependencies": {
        "saito-wasm": "file:../saito-workspace/saito-wasm/pkg",
        "typescript": "^4.6.2"
      }
    },
    "../saito-workspace/saito-wasm/pkg": {
      "version": "0.1.0",
      "dev": true
    },
    "node_modules/saito-wasm": {
      "resolved": "../saito-workspace/saito-wasm/pkg",
      "link": true
    },
    "node_modules/typescript": {
      "version": "4.6.2",
      "resolved": "https://registry.npmjs.org/typescript/-/typescript-4.6.2.tgz",
      "integrity": "sha512-HM/hFigTBHZhLXshn9sN37H085+hQGeJHJ/X7LpBWLID/fbc2acUMfU+lGD98X81sKP+pFa9f0DZmCwB9GnbAg==",
      "dev": true,
      "bin": {
        "tsc": "bin/tsc",
        "tsserver": "bin/tsserver"
      },
      "engines": {
        "node": ">=4.2.0"
      }
    }
  },
  "dependencies": {
    "saito-wasm": {
      "version": "file:../saito-workspace/saito-wasm/pkg"
    },
    "typescript": {
      "version": "4.6.2",
      "resolved": "https://registry.npmjs.org/typescript/-/typescript-4.6.2.tgz",
      "integrity": "sha512-HM/hFigTBHZhLXshn9sN37H085+hQGeJHJ/X7LpBWLID/fbc2acUMfU+lGD98X81sKP+pFa9f0DZmCwB9GnbAg==",
      "dev": true
    }
  }
}
